
Microsoft Visual Studio Solution File, Format Version 12.00
# Visual Studio 15
VisualStudioVersion = 15.0.26124.0
MinimumVisualStudioVersion = 15.0.26124.0
Project("{2150E333-8FDC-42A3-9474-1A3956D46DE8}") = "src", "src", "{30572B61-9EA6-498F-AA73-698F6A88E533}"
EndProject
Project("{FAE04EC0-301F-11D3-BF4B-00C04F79EFBC}") = "Codebase", "src\Codebase\Codebase.csproj", "{4710A6A9-CE97-4B1E-A8FD-8709DA5AB048}"
EndProject
Project("{2150E333-8FDC-42A3-9474-1A3956D46DE8}") = "tests", "tests", "{6FB11FBC-8194-47BB-B3DA-1EFC209D359F}"
EndProject
Project("{FAE04EC0-301F-11D3-BF4B-00C04F79EFBC}") = "Codebase.IntegrationTests", "tests\Codebase.IntegrationTests\Codebase.IntegrationTests.csproj", "{801CB5A9-A0DB-4F98-9E88-14FC5FCA9D59}"
EndProject
Global
	GlobalSection(SolutionConfigurationPlatforms) = preSolution
		Debug|Any CPU = Debug|Any CPU
		Debug|x64 = Debug|x64
		Debug|x86 = Debug|x86
		Release|Any CPU = Release|Any CPU
		Release|x64 = Release|x64
		Release|x86 = Release|x86
	EndGlobalSection
	GlobalSection(SolutionProperties) = preSolution
		HideSolutionNode = FALSE
	EndGlobalSection
	GlobalSection(ProjectConfigurationPlatforms) = postSolution
		{4710A6A9-CE97-4B1E-A8FD-8709DA5AB048}.Debug|Any CPU.ActiveCfg = Debug|Any CPU
		{4710A6A9-CE97-4B1E-A8FD-8709DA5AB048}.Debug|Any CPU.Build.0 = Debug|Any CPU
		{4710A6A9-CE97-4B1E-A8FD-8709DA5AB048}.Debug|x64.ActiveCfg = Debug|Any CPU
		{4710A6A9-CE97-4B1E-A8FD-8709DA5AB048}.Debug|x64.Build.0 = Debug|Any CPU
		{4710A6A9-CE97-4B1E-A8FD-8709DA5AB048}.Debug|x86.ActiveCfg = Debug|Any CPU
		{4710A6A9-CE97-4B1E-A8FD-8709DA5AB048}.Debug|x86.Build.0 = Debug|Any CPU
		{4710A6A9-CE97-4B1E-A8FD-8709DA5AB048}.Release|Any CPU.ActiveCfg = Release|Any CPU
		{4710A6A9-CE97-4B1E-A8FD-8709DA5AB048}.Release|Any CPU.Build.0 = Release|Any CPU
		{4710A6A9-CE97-4B1E-A8FD-8709DA5AB048}.Release|x64.ActiveCfg = Release|Any CPU
		{4710A6A9-CE97-4B1E-A8FD-8709DA5AB048}.Release|x64.Build.0 = Release|Any CPU
		{4710A6A9-CE97-4B1E-A8FD-8709DA5AB048}.Release|x86.ActiveCfg = Release|Any CPU
		{4710A6A9-CE97-4B1E-A8FD-8709DA5AB048}.Release|x86.Build.0 = Release|Any CPU
		{801CB5A9-A0DB-4F98-9E88-14FC5FCA9D59}.Debug|Any CPU.ActiveCfg = Debug|Any CPU
		{801CB5A9-A0DB-4F98-9E88-14FC5FCA9D59}.Debug|Any CPU.Build.0 = Debug|Any CPU
		{801CB5A9-A0DB-4F98-9E88-14FC5FCA9D59}.Debug|x64.ActiveCfg = Debug|Any CPU
		{801CB5A9-A0DB-4F98-9E88-14FC5FCA9D59}.Debug|x64.Build.0 = Debug|Any CPU
		{801CB5A9-A0DB-4F98-9E88-14FC5FCA9D59}.Debug|x86.ActiveCfg = Debug|Any CPU
		{801CB5A9-A0DB-4F98-9E88-14FC5FCA9D59}.Debug|x86.Build.0 = Debug|Any CPU
		{801CB5A9-A0DB-4F98-9E88-14FC5FCA9D59}.Release|Any CPU.ActiveCfg = Release|Any CPU
		{801CB5A9-A0DB-4F98-9E88-14FC5FCA9D59}.Release|Any CPU.Build.0 = Release|Any CPU
		{801CB5A9-A0DB-4F98-9E88-14FC5FCA9D59}.Release|x64.ActiveCfg = Release|Any CPU
		{801CB5A9-A0DB-4F98-9E88-14FC5FCA9D59}.Release|x64.Build.0 = Release|Any CPU
		{801CB5A9-A0DB-4F98-9E88-14FC5FCA9D59}.Release|x86.ActiveCfg = Release|Any CPU
		{801CB5A9-A0DB-4F98-9E88-14FC5FCA9D59}.Release|x86.Build.0 = Release|Any CPU
	EndGlobalSection
	GlobalSection(NestedProjects) = preSolution
		{4710A6A9-CE97-4B1E-A8FD-8709DA5AB048} = {30572B61-9EA6-498F-AA73-698F6A88E533}
		{801CB5A9-A0DB-4F98-9E88-14FC5FCA9D59} = {6FB11FBC-8194-47BB-B3DA-1EFC209D359F}
	EndGlobalSection
EndGlobal
